
Microsoft Visual Studio Solution File, Format Version 12.00
# Visual Studio Version 17
VisualStudioVersion = 17.11.35222.181
MinimumVisualStudioVersion = 10.0.40219.1
Project("{FAE04EC0-301F-11D3-BF4B-00C04F79EFBC}") = "SharpDX.XInput", "SharpDX.XInput.csproj", "{A8B1C11F-FCFC-42F4-873E-2539C45534DD}"
EndProject
Project("{FAE04EC0-301F-11D3-BF4B-00C04F79EFBC}") = "Demo", "..\Demo\Demo.csproj", "{8E522CFD-1207-43F4-A606-F29653C6C053}"
EndProject
Global
	GlobalSection(SolutionConfigurationPlatforms) = preSolution
		Debug|Any CPU = Debug|Any CPU
		Release|Any CPU = Release|Any CPU
	EndGlobalSection
	GlobalSection(ProjectConfigurationPlatforms) = postSolution
		{A8B1C11F-FCFC-42F4-873E-2539C45534DD}.Debug|Any CPU.ActiveCfg = Debug|Any CPU
		{A8B1C11F-FCFC-42F4-873E-2539C45534DD}.Debug|Any CPU.Build.0 = Debug|Any CPU
		{A8B1C11F-FCFC-42F4-873E-2539C45534DD}.Release|Any CPU.ActiveCfg = Release|Any CPU
		{A8B1C11F-FCFC-42F4-873E-2539C45534DD}.Release|Any CPU.Build.0 = Release|Any CPU
		{8E522CFD-1207-43F4-A606-F29653C6C053}.Debug|Any CPU.ActiveCfg = Debug|Any CPU
		{8E522CFD-1207-43F4-A606-F29653C6C053}.Debug|Any CPU.Build.0 = Debug|Any CPU
		{8E522CFD-1207-43F4-A606-F29653C6C053}.Release|Any CPU.ActiveCfg = Release|Any CPU
		{8E522CFD-1207-43F4-A606-F29653C6C053}.Release|Any CPU.Build.0 = Release|Any CPU
	EndGlobalSection
	GlobalSection(SolutionProperties) = preSolution
		HideSolutionNode = FALSE
	EndGlobalSection
	GlobalSection(ExtensibilityGlobals) = postSolution
		SolutionGuid = {8DE5A8DB-A62D-410A-8A38-397E7DD717CC}
	EndGlobalSection
EndGlobal
